{
  "originHash" : "fce0e2885001f5cc4a0c491ac02dfa0a9e6dce8dbe46a757ed0061dc4092fe19",
  "pins" : [
    {
      "identity" : "emacs-swift-module",
      "kind" : "remoteSourceControl",
      "location" : "https://github.com/SavchenkoValeriy/emacs-swift-module.git",
      "state" : {
        "branch" : "main",
        "revision" : "00d8bd6c2d001aba8eed000e45385195e8d42d26"
      }
    },
    {
      "identity" : "swift-argument-parser",
      "kind" : "remoteSourceControl",
      "location" : "https://github.com/apple/swift-argument-parser",
      "state" : {
        "revision" : "c5d11a805e765f52ba34ec7284bd4fcd6ba68615",
        "version" : "1.7.0"
      }
    }
  ],
  "version" : 3
}
